
Microsoft Visual Studio Solution File, Format Version 12.00
# Visual Studio 14
VisualStudioVersion = 14.0.25123.0
MinimumVisualStudioVersion = 10.0.40219.1
Project("{FAE04EC0-301F-11D3-BF4B-00C04F79EFBC}") = "Blink_LED", "Blink_LED\Blink_LED.csproj", "{3CC6B4CC-DCC3-475B-94F7-4560FC85B539}"
EndProject
Global
	GlobalSection(SolutionConfigurationPlatforms) = preSolution
		Debug|ARM = Debug|ARM
		Debug|x64 = Debug|x64
		Debug|x86 = Debug|x86
		Release|ARM = Release|ARM
		Release|x64 = Release|x64
		Release|x86 = Release|x86
	EndGlobalSection
	GlobalSection(ProjectConfigurationPlatforms) = postSolution
		{3CC6B4CC-DCC3-475B-94F7-4560FC85B539}.Debug|ARM.ActiveCfg = Debug|ARM
		{3CC6B4CC-DCC3-475B-94F7-4560FC85B539}.Debug|ARM.Build.0 = Debug|ARM
		{3CC6B4CC-DCC3-475B-94F7-4560FC85B539}.Debug|ARM.Deploy.0 = Debug|ARM
		{3CC6B4CC-DCC3-475B-94F7-4560FC85B539}.Debug|x64.ActiveCfg = Debug|x64
		{3CC6B4CC-DCC3-475B-94F7-4560FC85B539}.Debug|x64.Build.0 = Debug|x64
		{3CC6B4CC-DCC3-475B-94F7-4560FC85B539}.Debug|x64.Deploy.0 = Debug|x64
		{3CC6B4CC-DCC3-475B-94F7-4560FC85B539}.Debug|x86.ActiveCfg = Debug|x86
		{3CC6B4CC-DCC3-475B-94F7-4560FC85B539}.Debug|x86.Build.0 = Debug|x86
		{3CC6B4CC-DCC3-475B-94F7-4560FC85B539}.Debug|x86.Deploy.0 = Debug|x86
		{3CC6B4CC-DCC3-475B-94F7-4560FC85B539}.Release|ARM.ActiveCfg = Release|ARM
		{3CC6B4CC-DCC3-475B-94F7-4560FC85B539}.Release|ARM.Build.0 = Release|ARM
		{3CC6B4CC-DCC3-475B-94F7-4560FC85B539}.Release|ARM.Deploy.0 = Release|ARM
		{3CC6B4CC-DCC3-475B-94F7-4560FC85B539}.Release|x64.ActiveCfg = Release|x64
		{3CC6B4CC-DCC3-475B-94F7-4560FC85B539}.Release|x64.Build.0 = Release|x64
		{3CC6B4CC-DCC3-475B-94F7-4560FC85B539}.Release|x64.Deploy.0 = Release|x64
		{3CC6B4CC-DCC3-475B-94F7-4560FC85B539}.Release|x86.ActiveCfg = Release|x86
		{3CC6B4CC-DCC3-475B-94F7-4560FC85B539}.Release|x86.Build.0 = Release|x86
		{3CC6B4CC-DCC3-475B-94F7-4560FC85B539}.Release|x86.Deploy.0 = Release|x86
	EndGlobalSection
	GlobalSection(SolutionProperties) = preSolution
		HideSolutionNode = FALSE
	EndGlobalSection
EndGlobal
